
Microsoft Visual Studio Solution File, Format Version 12.00
# Visual Studio 14
VisualStudioVersion = 14.0.23107.0
MinimumVisualStudioVersion = 10.0.40219.1
Project("{151D2E53-A2C4-4D7D-83FE-D05416EBD58E}") = "DemoCICD_CLIProj", "DemoCICD_CLIProj\DemoCICD_CLIProj.deployproj", "{FF4F9DD2-EA8F-47E8-B668-DAFA0B7CFD0A}"
EndProject
Project("{FAE04EC0-301F-11D3-BF4B-00C04F79EFBC}") = "WebApplication1", "WebApplication1\WebApplication1.csproj", "{A5220769-2777-4F3E-9B33-DF0D60042F58}"
EndProject
Global
	GlobalSection(SolutionConfigurationPlatforms) = preSolution
		Debug|Any CPU = Debug|Any CPU
		Release|Any CPU = Release|Any CPU
	EndGlobalSection
	GlobalSection(ProjectConfigurationPlatforms) = postSolution
		{FF4F9DD2-EA8F-47E8-B668-DAFA0B7CFD0A}.Debug|Any CPU.ActiveCfg = Debug|Any CPU
		{FF4F9DD2-EA8F-47E8-B668-DAFA0B7CFD0A}.Debug|Any CPU.Build.0 = Debug|Any CPU
		{FF4F9DD2-EA8F-47E8-B668-DAFA0B7CFD0A}.Release|Any CPU.ActiveCfg = Release|Any CPU
		{FF4F9DD2-EA8F-47E8-B668-DAFA0B7CFD0A}.Release|Any CPU.Build.0 = Release|Any CPU
		{A5220769-2777-4F3E-9B33-DF0D60042F58}.Debug|Any CPU.ActiveCfg = Debug|Any CPU
		{A5220769-2777-4F3E-9B33-DF0D60042F58}.Debug|Any CPU.Build.0 = Debug|Any CPU
		{A5220769-2777-4F3E-9B33-DF0D60042F58}.Release|Any CPU.ActiveCfg = Release|Any CPU
		{A5220769-2777-4F3E-9B33-DF0D60042F58}.Release|Any CPU.Build.0 = Release|Any CPU
	EndGlobalSection
	GlobalSection(SolutionProperties) = preSolution
		HideSolutionNode = FALSE
	EndGlobalSection
EndGlobal
